<?xml version="1.0" encoding="utf-8"?>
<Project ToolsVersion="4.0" xmlns="http://schemas.microsoft.com/developer/msbuild/2003">
  <ItemGroup>
    <ClCompile Include="Source\Camera.cpp" />
    <ClCompile Include="Source\Graphics.cpp" />
    <ClCompile Include="Source\IndexData.cpp" />
    <ClCompile Include="Source\Leak.cpp" />
    <ClCompile Include="Source\New.cpp" />
    <ClCompile Include="Source\Object.cpp" />
    <ClCompile Include="Source\Shader.cpp" />
    <ClCompile Include="Source\SpriteBatch.cpp" />
    <ClCompile Include="Source\SpriteObject.cpp" />
    <ClCompile Include="Source\SpriteSheetObject.cpp" />
    <ClCompile Include="Source\Texture.cpp" />
    <ClCompile Include="Source\VertexData.cpp" />
    <ClCompile Include="Source\Viewport.cpp" />
    <ClCompile Include="Source\Win\FileReader.cpp" />
    <ClCompile Include="Source\Win\Input.cpp" />
    <ClCompile Include="Source\Win\Window.cpp" />
    <ClCompile Include="Source\Text.cpp" />
    <ClCompile Include="Source\Input.cpp" />
  </ItemGroup>
  <ItemGroup>
    <ClInclude Include="Include\Platform\Camera.h" />
    <ClInclude Include="Include\Platform\debug.h" />
    <ClInclude Include="Include\Platform\FileReader.h" />
    <ClInclude Include="Include\Platform\Graphics.h" />
    <ClInclude Include="Include\Platform\IndexData.h" />
    <ClInclude Include="Include\Platform\Input.h" />
    <ClInclude Include="Include\Platform\Leak.h" />
    <ClInclude Include="Include\Platform\New.h" />
    <ClInclude Include="Include\Platform\Object.h" />
    <ClInclude Include="Include\Platform\OpenGL.hpp" />
    <ClInclude Include="Include\Platform\Shader.h" />
    <ClInclude Include="Include\Platform\SpriteBatch.h" />
    <ClInclude Include="Include\Platform\SpriteObject.h" />
    <ClInclude Include="Include\Platform\SpriteSheetObject.h" />
    <ClInclude Include="Include\Platform\Text.h" />
    <ClInclude Include="Include\Platform\Texture.h" />
    <ClInclude Include="Include\Platform\VertexData.h" />
    <ClInclude Include="Include\Platform\Viewport.h" />
    <ClInclude Include="Include\Platform\Window.h" />
    <ClInclude Include="Include\Platform\Win\FileReader.h" />
    <ClInclude Include="Include\Platform\Win\Input.h" />
    <ClInclude Include="Include\Platform\Win\Keyboard.h" />
    <ClInclude Include="Include\Platform\Win\Mouse.h" />
    <ClInclude Include="Include\Platform\Win\Window.h" />
  </ItemGroup>
</Project>